
Microsoft Visual Studio Solution File, Format Version 12.00
# Visual Studio Version 17
VisualStudioVersion = 17.9.34728.123
MinimumVisualStudioVersion = 10.0.40219.1
Project("{FAE04EC0-301F-11D3-BF4B-00C04F79EFBC}") = "Assignment2.1.3", "Assignment2.1.3.csproj", "{0D3AD5EA-D608-4836-967D-0EEE9C4242D9}"
EndProject
Global
	GlobalSection(SolutionConfigurationPlatforms) = preSolution
		Debug|Any CPU = Debug|Any CPU
		Release|Any CPU = Release|Any CPU
	EndGlobalSection
	GlobalSection(ProjectConfigurationPlatforms) = postSolution
		{0D3AD5EA-D608-4836-967D-0EEE9C4242D9}.Debug|Any CPU.ActiveCfg = Debug|Any CPU
		{0D3AD5EA-D608-4836-967D-0EEE9C4242D9}.Debug|Any CPU.Build.0 = Debug|Any CPU
		{0D3AD5EA-D608-4836-967D-0EEE9C4242D9}.Release|Any CPU.ActiveCfg = Release|Any CPU
		{0D3AD5EA-D608-4836-967D-0EEE9C4242D9}.Release|Any CPU.Build.0 = Release|Any CPU
	EndGlobalSection
	GlobalSection(SolutionProperties) = preSolution
		HideSolutionNode = FALSE
	EndGlobalSection
	GlobalSection(ExtensibilityGlobals) = postSolution
		SolutionGuid = {E9F3CA1B-D10A-4C76-AED6-8246D8E1359D}
	EndGlobalSection
EndGlobal
